
Microsoft Visual Studio Solution File, Format Version 12.00
# Visual Studio Version 17
VisualStudioVersion = 17.5.2.0
MinimumVisualStudioVersion = 10.0.40219.1
Project("{2150E333-8FDC-42A3-9474-1A3956D46DE8}") = "Api", "Api", "{D82C56D6-B2CD-F611-9E31-04638F7EC30E}"
EndProject
Project("{FAE04EC0-301F-11D3-BF4B-00C04F79EFBC}") = "Api", "Api\Api\Api.csproj", "{22E06973-AA74-4A73-A357-1F75C78E0460}"
EndProject
Project("{2150E333-8FDC-42A3-9474-1A3956D46DE8}") = "Domain", "Domain", "{996CEBED-A05B-5D42-3FF0-982E087A2599}"
EndProject
Project("{FAE04EC0-301F-11D3-BF4B-00C04F79EFBC}") = "Domain", "Domain\Domain\Domain.csproj", "{F1D05B61-35CE-4491-8CC7-BAA0E76E67C5}"
EndProject
Project("{2150E333-8FDC-42A3-9474-1A3956D46DE8}") = "Infra", "Infra", "{30258541-D0D8-F3FD-D559-E63D6BF074C2}"
EndProject
Project("{FAE04EC0-301F-11D3-BF4B-00C04F79EFBC}") = "IoC", "Infra\IoC\IoC.csproj", "{F403399B-ED3B-4934-8EDE-2340D2D4C8D2}"
EndProject
Project("{2150E333-8FDC-42A3-9474-1A3956D46DE8}") = "Application", "Application", "{A74F262E-BDE7-D5D2-89E9-785413424D0A}"
EndProject
Project("{FAE04EC0-301F-11D3-BF4B-00C04F79EFBC}") = "Application", "Application\Application\Application.csproj", "{26A211FA-293B-48EB-9B77-F23C8FB881A5}"
EndProject
Project("{FAE04EC0-301F-11D3-BF4B-00C04F79EFBC}") = "Data", "Infra\Data\Data.csproj", "{13BDC1AC-3C48-4B7C-A9B6-939F3670F6E8}"
EndProject
Project("{2150E333-8FDC-42A3-9474-1A3956D46DE8}") = "Interfaces", "Interfaces", "{F950DB2C-3B87-4536-55E6-8585CBA5CF21}"
EndProject
Project("{FAE04EC0-301F-11D3-BF4B-00C04F79EFBC}") = "ExchangeApi", "Interfaces\ExchangeApi\ExchangeApi.csproj", "{813C708C-5439-45A0-BA34-45C94C8F5EB9}"
EndProject
Project("{FAE04EC0-301F-11D3-BF4B-00C04F79EFBC}") = "BackgroundJobs", "Infra\BackgroundJobs\BackgroundJobs.csproj", "{61B9E498-D01F-4642-9D44-FD17467C8A61}"
EndProject
Global
	GlobalSection(SolutionConfigurationPlatforms) = preSolution
		Debug|Any CPU = Debug|Any CPU
		Debug|x64 = Debug|x64
		Debug|x86 = Debug|x86
		Release|Any CPU = Release|Any CPU
		Release|x64 = Release|x64
		Release|x86 = Release|x86
	EndGlobalSection
	GlobalSection(ProjectConfigurationPlatforms) = postSolution
		{22E06973-AA74-4A73-A357-1F75C78E0460}.Debug|Any CPU.ActiveCfg = Debug|Any CPU
		{22E06973-AA74-4A73-A357-1F75C78E0460}.Debug|Any CPU.Build.0 = Debug|Any CPU
		{22E06973-AA74-4A73-A357-1F75C78E0460}.Debug|x64.ActiveCfg = Debug|Any CPU
		{22E06973-AA74-4A73-A357-1F75C78E0460}.Debug|x64.Build.0 = Debug|Any CPU
		{22E06973-AA74-4A73-A357-1F75C78E0460}.Debug|x86.ActiveCfg = Debug|Any CPU
		{22E06973-AA74-4A73-A357-1F75C78E0460}.Debug|x86.Build.0 = Debug|Any CPU
		{22E06973-AA74-4A73-A357-1F75C78E0460}.Release|Any CPU.ActiveCfg = Release|Any CPU
		{22E06973-AA74-4A73-A357-1F75C78E0460}.Release|Any CPU.Build.0 = Release|Any CPU
		{22E06973-AA74-4A73-A357-1F75C78E0460}.Release|x64.ActiveCfg = Release|Any CPU
		{22E06973-AA74-4A73-A357-1F75C78E0460}.Release|x64.Build.0 = Release|Any CPU
		{22E06973-AA74-4A73-A357-1F75C78E0460}.Release|x86.ActiveCfg = Release|Any CPU
		{22E06973-AA74-4A73-A357-1F75C78E0460}.Release|x86.Build.0 = Release|Any CPU
		{F1D05B61-35CE-4491-8CC7-BAA0E76E67C5}.Debug|Any CPU.ActiveCfg = Debug|Any CPU
		{F1D05B61-35CE-4491-8CC7-BAA0E76E67C5}.Debug|Any CPU.Build.0 = Debug|Any CPU
		{F1D05B61-35CE-4491-8CC7-BAA0E76E67C5}.Debug|x64.ActiveCfg = Debug|Any CPU
		{F1D05B61-35CE-4491-8CC7-BAA0E76E67C5}.Debug|x64.Build.0 = Debug|Any CPU
		{F1D05B61-35CE-4491-8CC7-BAA0E76E67C5}.Debug|x86.ActiveCfg = Debug|Any CPU
		{F1D05B61-35CE-4491-8CC7-BAA0E76E67C5}.Debug|x86.Build.0 = Debug|Any CPU
		{F1D05B61-35CE-4491-8CC7-BAA0E76E67C5}.Release|Any CPU.ActiveCfg = Release|Any CPU
		{F1D05B61-35CE-4491-8CC7-BAA0E76E67C5}.Release|Any CPU.Build.0 = Release|Any CPU
		{F1D05B61-35CE-4491-8CC7-BAA0E76E67C5}.Release|x64.ActiveCfg = Release|Any CPU
		{F1D05B61-35CE-4491-8CC7-BAA0E76E67C5}.Release|x64.Build.0 = Release|Any CPU
		{F1D05B61-35CE-4491-8CC7-BAA0E76E67C5}.Release|x86.ActiveCfg = Release|Any CPU
		{F1D05B61-35CE-4491-8CC7-BAA0E76E67C5}.Release|x86.Build.0 = Release|Any CPU
		{F403399B-ED3B-4934-8EDE-2340D2D4C8D2}.Debug|Any CPU.ActiveCfg = Debug|Any CPU
		{F403399B-ED3B-4934-8EDE-2340D2D4C8D2}.Debug|Any CPU.Build.0 = Debug|Any CPU
		{F403399B-ED3B-4934-8EDE-2340D2D4C8D2}.Debug|x64.ActiveCfg = Debug|Any CPU
		{F403399B-ED3B-4934-8EDE-2340D2D4C8D2}.Debug|x64.Build.0 = Debug|Any CPU
		{F403399B-ED3B-4934-8EDE-2340D2D4C8D2}.Debug|x86.ActiveCfg = Debug|Any CPU
		{F403399B-ED3B-4934-8EDE-2340D2D4C8D2}.Debug|x86.Build.0 = Debug|Any CPU
		{F403399B-ED3B-4934-8EDE-2340D2D4C8D2}.Release|Any CPU.ActiveCfg = Release|Any CPU
		{F403399B-ED3B-4934-8EDE-2340D2D4C8D2}.Release|Any CPU.Build.0 = Release|Any CPU
		{F403399B-ED3B-4934-8EDE-2340D2D4C8D2}.Release|x64.ActiveCfg = Release|Any CPU
		{F403399B-ED3B-4934-8EDE-2340D2D4C8D2}.Release|x64.Build.0 = Release|Any CPU
		{F403399B-ED3B-4934-8EDE-2340D2D4C8D2}.Release|x86.ActiveCfg = Release|Any CPU
		{F403399B-ED3B-4934-8EDE-2340D2D4C8D2}.Release|x86.Build.0 = Release|Any CPU
		{26A211FA-293B-48EB-9B77-F23C8FB881A5}.Debug|Any CPU.ActiveCfg = Debug|Any CPU
		{26A211FA-293B-48EB-9B77-F23C8FB881A5}.Debug|Any CPU.Build.0 = Debug|Any CPU
		{26A211FA-293B-48EB-9B77-F23C8FB881A5}.Debug|x64.ActiveCfg = Debug|Any CPU
		{26A211FA-293B-48EB-9B77-F23C8FB881A5}.Debug|x64.Build.0 = Debug|Any CPU
		{26A211FA-293B-48EB-9B77-F23C8FB881A5}.Debug|x86.ActiveCfg = Debug|Any CPU
		{26A211FA-293B-48EB-9B77-F23C8FB881A5}.Debug|x86.Build.0 = Debug|Any CPU
		{26A211FA-293B-48EB-9B77-F23C8FB881A5}.Release|Any CPU.ActiveCfg = Release|Any CPU
		{26A211FA-293B-48EB-9B77-F23C8FB881A5}.Release|Any CPU.Build.0 = Release|Any CPU
		{26A211FA-293B-48EB-9B77-F23C8FB881A5}.Release|x64.ActiveCfg = Release|Any CPU
		{26A211FA-293B-48EB-9B77-F23C8FB881A5}.Release|x64.Build.0 = Release|Any CPU
		{26A211FA-293B-48EB-9B77-F23C8FB881A5}.Release|x86.ActiveCfg = Release|Any CPU
		{26A211FA-293B-48EB-9B77-F23C8FB881A5}.Release|x86.Build.0 = Release|Any CPU
		{13BDC1AC-3C48-4B7C-A9B6-939F3670F6E8}.Debug|Any CPU.ActiveCfg = Debug|Any CPU
		{13BDC1AC-3C48-4B7C-A9B6-939F3670F6E8}.Debug|Any CPU.Build.0 = Debug|Any CPU
		{13BDC1AC-3C48-4B7C-A9B6-939F3670F6E8}.Debug|x64.ActiveCfg = Debug|Any CPU
		{13BDC1AC-3C48-4B7C-A9B6-939F3670F6E8}.Debug|x64.Build.0 = Debug|Any CPU
		{13BDC1AC-3C48-4B7C-A9B6-939F3670F6E8}.Debug|x86.ActiveCfg = Debug|Any CPU
		{13BDC1AC-3C48-4B7C-A9B6-939F3670F6E8}.Debug|x86.Build.0 = Debug|Any CPU
		{13BDC1AC-3C48-4B7C-A9B6-939F3670F6E8}.Release|Any CPU.ActiveCfg = Release|Any CPU
		{13BDC1AC-3C48-4B7C-A9B6-939F3670F6E8}.Release|Any CPU.Build.0 = Release|Any CPU
		{13BDC1AC-3C48-4B7C-A9B6-939F3670F6E8}.Release|x64.ActiveCfg = Release|Any CPU
		{13BDC1AC-3C48-4B7C-A9B6-939F3670F6E8}.Release|x64.Build.0 = Release|Any CPU
		{13BDC1AC-3C48-4B7C-A9B6-939F3670F6E8}.Release|x86.ActiveCfg = Release|Any CPU
		{13BDC1AC-3C48-4B7C-A9B6-939F3670F6E8}.Release|x86.Build.0 = Release|Any CPU
		{813C708C-5439-45A0-BA34-45C94C8F5EB9}.Debug|Any CPU.ActiveCfg = Debug|Any CPU
		{813C708C-5439-45A0-BA34-45C94C8F5EB9}.Debug|Any CPU.Build.0 = Debug|Any CPU
		{813C708C-5439-45A0-BA34-45C94C8F5EB9}.Debug|x64.ActiveCfg = Debug|Any CPU
		{813C708C-5439-45A0-BA34-45C94C8F5EB9}.Debug|x64.Build.0 = Debug|Any CPU
		{813C708C-5439-45A0-BA34-45C94C8F5EB9}.Debug|x86.ActiveCfg = Debug|Any CPU
		{813C708C-5439-45A0-BA34-45C94C8F5EB9}.Debug|x86.Build.0 = Debug|Any CPU
		{813C708C-5439-45A0-BA34-45C94C8F5EB9}.Release|Any CPU.ActiveCfg = Release|Any CPU
		{813C708C-5439-45A0-BA34-45C94C8F5EB9}.Release|Any CPU.Build.0 = Release|Any CPU
		{813C708C-5439-45A0-BA34-45C94C8F5EB9}.Release|x64.ActiveCfg = Release|Any CPU
		{813C708C-5439-45A0-BA34-45C94C8F5EB9}.Release|x64.Build.0 = Release|Any CPU
		{813C708C-5439-45A0-BA34-45C94C8F5EB9}.Release|x86.ActiveCfg = Release|Any CPU
		{813C708C-5439-45A0-BA34-45C94C8F5EB9}.Release|x86.Build.0 = Release|Any CPU
		{61B9E498-D01F-4642-9D44-FD17467C8A61}.Debug|Any CPU.ActiveCfg = Debug|Any CPU
		{61B9E498-D01F-4642-9D44-FD17467C8A61}.Debug|Any CPU.Build.0 = Debug|Any CPU
		{61B9E498-D01F-4642-9D44-FD17467C8A61}.Debug|x64.ActiveCfg = Debug|Any CPU
		{61B9E498-D01F-4642-9D44-FD17467C8A61}.Debug|x64.Build.0 = Debug|Any CPU
		{61B9E498-D01F-4642-9D44-FD17467C8A61}.Debug|x86.ActiveCfg = Debug|Any CPU
		{61B9E498-D01F-4642-9D44-FD17467C8A61}.Debug|x86.Build.0 = Debug|Any CPU
		{61B9E498-D01F-4642-9D44-FD17467C8A61}.Release|Any CPU.ActiveCfg = Release|Any CPU
		{61B9E498-D01F-4642-9D44-FD17467C8A61}.Release|Any CPU.Build.0 = Release|Any CPU
		{61B9E498-D01F-4642-9D44-FD17467C8A61}.Release|x64.ActiveCfg = Release|Any CPU
		{61B9E498-D01F-4642-9D44-FD17467C8A61}.Release|x64.Build.0 = Release|Any CPU
		{61B9E498-D01F-4642-9D44-FD17467C8A61}.Release|x86.ActiveCfg = Release|Any CPU
		{61B9E498-D01F-4642-9D44-FD17467C8A61}.Release|x86.Build.0 = Release|Any CPU
	EndGlobalSection
	GlobalSection(SolutionProperties) = preSolution
		HideSolutionNode = FALSE
	EndGlobalSection
	GlobalSection(NestedProjects) = preSolution
		{22E06973-AA74-4A73-A357-1F75C78E0460} = {D82C56D6-B2CD-F611-9E31-04638F7EC30E}
		{F1D05B61-35CE-4491-8CC7-BAA0E76E67C5} = {996CEBED-A05B-5D42-3FF0-982E087A2599}
		{F403399B-ED3B-4934-8EDE-2340D2D4C8D2} = {30258541-D0D8-F3FD-D559-E63D6BF074C2}
		{26A211FA-293B-48EB-9B77-F23C8FB881A5} = {A74F262E-BDE7-D5D2-89E9-785413424D0A}
		{13BDC1AC-3C48-4B7C-A9B6-939F3670F6E8} = {30258541-D0D8-F3FD-D559-E63D6BF074C2}
		{813C708C-5439-45A0-BA34-45C94C8F5EB9} = {F950DB2C-3B87-4536-55E6-8585CBA5CF21}
		{61B9E498-D01F-4642-9D44-FD17467C8A61} = {30258541-D0D8-F3FD-D559-E63D6BF074C2}
	EndGlobalSection
	GlobalSection(ExtensibilityGlobals) = postSolution
		SolutionGuid = {3BA79A39-C015-4BD8-8043-9009DF874286}
	EndGlobalSection
EndGlobal
